
Microsoft Visual Studio Solution File, Format Version 11.00
# Visual Studio 2010
Project("{FAE04EC0-301F-11D3-BF4B-00C04F79EFBC}") = "VsChromiumCore", "VsChromiumCore\VsChromiumCore.csproj", "{6F70C76F-5A3A-4657-A073-075A08555BAD}"
EndProject
Project("{FAE04EC0-301F-11D3-BF4B-00C04F79EFBC}") = "VsChromiumPackage", "VsChromiumPackage\VsChromiumPackage.csproj", "{8ED06AA3-93DF-48FE-97C0-F516E99FDB32}"
	ProjectSection(ProjectDependencies) = postProject
		{C0710B1A-5DFB-4BE2-B6C6-F02382BC15F0} = {C0710B1A-5DFB-4BE2-B6C6-F02382BC15F0}
	EndProjectSection
EndProject
Project("{FAE04EC0-301F-11D3-BF4B-00C04F79EFBC}") = "VsChromiumServer", "VsChromiumServer\VsChromiumServer.csproj", "{F33514B3-E491-4599-AF71-EABCDD70234F}"
EndProject
Project("{FAE04EC0-301F-11D3-BF4B-00C04F79EFBC}") = "VsChromiumHost", "VsChromiumHost\VsChromiumHost.csproj", "{B6FF4670-B5B0-4724-9895-AF3C5E8C68C0}"
EndProject
Project("{FAE04EC0-301F-11D3-BF4B-00C04F79EFBC}") = "VsChromiumTests", "VsChromiumTests\VsChromiumTests.csproj", "{E538193B-39EC-4D76-BD09-DBD1F1FF3426}"
	ProjectSection(ProjectDependencies) = postProject
		{F33514B3-E491-4599-AF71-EABCDD70234F} = {F33514B3-E491-4599-AF71-EABCDD70234F}
	EndProjectSection
EndProject
Project("{2150E333-8FDC-42A3-9474-1A3956D46DE8}") = "Solution Items", "Solution Items", "{EBEB8462-8BB7-4F5A-B11C-1A3DDD8437C9}"
	ProjectSection(SolutionItems) = preProject
		Local.testsettings = Local.testsettings
		TraceAndTestImpact.testsettings = TraceAndTestImpact.testsettings
		vs-chromium.vsmdi = vs-chromium.vsmdi
	EndProjectSection
EndProject
Project("{8BC9CEB8-8B4A-11D0-8D11-00A0C91BC942}") = "VsChromiumNative", "VsChromiumNative\VsChromiumNative.vcxproj", "{C0710B1A-5DFB-4BE2-B6C6-F02382BC15F0}"
EndProject
Global
	GlobalSection(TestCaseManagementSettings) = postSolution
		CategoryFile = vs-chromium.vsmdi
	EndGlobalSection
	GlobalSection(SolutionConfigurationPlatforms) = preSolution
		Debug|Any CPU = Debug|Any CPU
		Debug|Mixed Platforms = Debug|Mixed Platforms
		Debug|Win32 = Debug|Win32
		Debug|x64 = Debug|x64
		Debug|x86 = Debug|x86
		Release|Any CPU = Release|Any CPU
		Release|Mixed Platforms = Release|Mixed Platforms
		Release|Win32 = Release|Win32
		Release|x64 = Release|x64
		Release|x86 = Release|x86
	EndGlobalSection
	GlobalSection(ProjectConfigurationPlatforms) = postSolution
		{6F70C76F-5A3A-4657-A073-075A08555BAD}.Debug|Any CPU.ActiveCfg = Debug|Any CPU
		{6F70C76F-5A3A-4657-A073-075A08555BAD}.Debug|Any CPU.Build.0 = Debug|Any CPU
		{6F70C76F-5A3A-4657-A073-075A08555BAD}.Debug|Mixed Platforms.ActiveCfg = Debug|Any CPU
		{6F70C76F-5A3A-4657-A073-075A08555BAD}.Debug|Mixed Platforms.Build.0 = Debug|Any CPU
		{6F70C76F-5A3A-4657-A073-075A08555BAD}.Debug|Win32.ActiveCfg = Debug|Any CPU
		{6F70C76F-5A3A-4657-A073-075A08555BAD}.Debug|x64.ActiveCfg = Debug|Any CPU
		{6F70C76F-5A3A-4657-A073-075A08555BAD}.Debug|x86.ActiveCfg = Debug|Any CPU
		{6F70C76F-5A3A-4657-A073-075A08555BAD}.Release|Any CPU.ActiveCfg = Release|Any CPU
		{6F70C76F-5A3A-4657-A073-075A08555BAD}.Release|Any CPU.Build.0 = Release|Any CPU
		{6F70C76F-5A3A-4657-A073-075A08555BAD}.Release|Mixed Platforms.ActiveCfg = Release|Any CPU
		{6F70C76F-5A3A-4657-A073-075A08555BAD}.Release|Mixed Platforms.Build.0 = Release|Any CPU
		{6F70C76F-5A3A-4657-A073-075A08555BAD}.Release|Win32.ActiveCfg = Release|Any CPU
		{6F70C76F-5A3A-4657-A073-075A08555BAD}.Release|x64.ActiveCfg = Release|Any CPU
		{6F70C76F-5A3A-4657-A073-075A08555BAD}.Release|x86.ActiveCfg = Release|Any CPU
		{8ED06AA3-93DF-48FE-97C0-F516E99FDB32}.Debug|Any CPU.ActiveCfg = Debug|Any CPU
		{8ED06AA3-93DF-48FE-97C0-F516E99FDB32}.Debug|Any CPU.Build.0 = Debug|Any CPU
		{8ED06AA3-93DF-48FE-97C0-F516E99FDB32}.Debug|Mixed Platforms.ActiveCfg = Debug|Any CPU
		{8ED06AA3-93DF-48FE-97C0-F516E99FDB32}.Debug|Mixed Platforms.Build.0 = Debug|Any CPU
		{8ED06AA3-93DF-48FE-97C0-F516E99FDB32}.Debug|Win32.ActiveCfg = Debug|Any CPU
		{8ED06AA3-93DF-48FE-97C0-F516E99FDB32}.Debug|x64.ActiveCfg = Debug|Any CPU
		{8ED06AA3-93DF-48FE-97C0-F516E99FDB32}.Debug|x86.ActiveCfg = Debug|Any CPU
		{8ED06AA3-93DF-48FE-97C0-F516E99FDB32}.Release|Any CPU.ActiveCfg = Release|Any CPU
		{8ED06AA3-93DF-48FE-97C0-F516E99FDB32}.Release|Any CPU.Build.0 = Release|Any CPU
		{8ED06AA3-93DF-48FE-97C0-F516E99FDB32}.Release|Mixed Platforms.ActiveCfg = Release|Any CPU
		{8ED06AA3-93DF-48FE-97C0-F516E99FDB32}.Release|Mixed Platforms.Build.0 = Release|Any CPU
		{8ED06AA3-93DF-48FE-97C0-F516E99FDB32}.Release|Win32.ActiveCfg = Release|Any CPU
		{8ED06AA3-93DF-48FE-97C0-F516E99FDB32}.Release|x64.ActiveCfg = Release|Any CPU
		{8ED06AA3-93DF-48FE-97C0-F516E99FDB32}.Release|x86.ActiveCfg = Release|Any CPU
		{F33514B3-E491-4599-AF71-EABCDD70234F}.Debug|Any CPU.ActiveCfg = Debug|x86
		{F33514B3-E491-4599-AF71-EABCDD70234F}.Debug|Mixed Platforms.ActiveCfg = Debug|x86
		{F33514B3-E491-4599-AF71-EABCDD70234F}.Debug|Mixed Platforms.Build.0 = Debug|x86
		{F33514B3-E491-4599-AF71-EABCDD70234F}.Debug|Win32.ActiveCfg = Debug|x86
		{F33514B3-E491-4599-AF71-EABCDD70234F}.Debug|x64.ActiveCfg = Debug|x86
		{F33514B3-E491-4599-AF71-EABCDD70234F}.Debug|x86.ActiveCfg = Debug|x86
		{F33514B3-E491-4599-AF71-EABCDD70234F}.Debug|x86.Build.0 = Debug|x86
		{F33514B3-E491-4599-AF71-EABCDD70234F}.Release|Any CPU.ActiveCfg = Release|x86
		{F33514B3-E491-4599-AF71-EABCDD70234F}.Release|Mixed Platforms.ActiveCfg = Release|x86
		{F33514B3-E491-4599-AF71-EABCDD70234F}.Release|Mixed Platforms.Build.0 = Release|x86
		{F33514B3-E491-4599-AF71-EABCDD70234F}.Release|Win32.ActiveCfg = Release|x86
		{F33514B3-E491-4599-AF71-EABCDD70234F}.Release|x64.ActiveCfg = Release|x86
		{F33514B3-E491-4599-AF71-EABCDD70234F}.Release|x86.ActiveCfg = Release|x86
		{F33514B3-E491-4599-AF71-EABCDD70234F}.Release|x86.Build.0 = Release|x86
		{B6FF4670-B5B0-4724-9895-AF3C5E8C68C0}.Debug|Any CPU.ActiveCfg = Debug|x86
		{B6FF4670-B5B0-4724-9895-AF3C5E8C68C0}.Debug|Mixed Platforms.ActiveCfg = Debug|x86
		{B6FF4670-B5B0-4724-9895-AF3C5E8C68C0}.Debug|Mixed Platforms.Build.0 = Debug|x86
		{B6FF4670-B5B0-4724-9895-AF3C5E8C68C0}.Debug|Win32.ActiveCfg = Debug|x86
		{B6FF4670-B5B0-4724-9895-AF3C5E8C68C0}.Debug|x64.ActiveCfg = Debug|x86
		{B6FF4670-B5B0-4724-9895-AF3C5E8C68C0}.Debug|x86.ActiveCfg = Debug|x86
		{B6FF4670-B5B0-4724-9895-AF3C5E8C68C0}.Debug|x86.Build.0 = Debug|x86
		{B6FF4670-B5B0-4724-9895-AF3C5E8C68C0}.Release|Any CPU.ActiveCfg = Release|x86
		{B6FF4670-B5B0-4724-9895-AF3C5E8C68C0}.Release|Mixed Platforms.ActiveCfg = Release|x86
		{B6FF4670-B5B0-4724-9895-AF3C5E8C68C0}.Release|Mixed Platforms.Build.0 = Release|x86
		{B6FF4670-B5B0-4724-9895-AF3C5E8C68C0}.Release|Win32.ActiveCfg = Release|x86
		{B6FF4670-B5B0-4724-9895-AF3C5E8C68C0}.Release|x64.ActiveCfg = Release|x86
		{B6FF4670-B5B0-4724-9895-AF3C5E8C68C0}.Release|x86.ActiveCfg = Release|x86
		{B6FF4670-B5B0-4724-9895-AF3C5E8C68C0}.Release|x86.Build.0 = Release|x86
		{E538193B-39EC-4D76-BD09-DBD1F1FF3426}.Debug|Any CPU.ActiveCfg = Debug|Any CPU
		{E538193B-39EC-4D76-BD09-DBD1F1FF3426}.Debug|Any CPU.Build.0 = Debug|Any CPU
		{E538193B-39EC-4D76-BD09-DBD1F1FF3426}.Debug|Mixed Platforms.ActiveCfg = Debug|Any CPU
		{E538193B-39EC-4D76-BD09-DBD1F1FF3426}.Debug|Mixed Platforms.Build.0 = Debug|Any CPU
		{E538193B-39EC-4D76-BD09-DBD1F1FF3426}.Debug|Win32.ActiveCfg = Debug|Any CPU
		{E538193B-39EC-4D76-BD09-DBD1F1FF3426}.Debug|x64.ActiveCfg = Debug|Any CPU
		{E538193B-39EC-4D76-BD09-DBD1F1FF3426}.Debug|x86.ActiveCfg = Debug|Any CPU
		{E538193B-39EC-4D76-BD09-DBD1F1FF3426}.Release|Any CPU.ActiveCfg = Release|Any CPU
		{E538193B-39EC-4D76-BD09-DBD1F1FF3426}.Release|Any CPU.Build.0 = Release|Any CPU
		{E538193B-39EC-4D76-BD09-DBD1F1FF3426}.Release|Mixed Platforms.ActiveCfg = Release|Any CPU
		{E538193B-39EC-4D76-BD09-DBD1F1FF3426}.Release|Mixed Platforms.Build.0 = Release|Any CPU
		{E538193B-39EC-4D76-BD09-DBD1F1FF3426}.Release|Win32.ActiveCfg = Release|Any CPU
		{E538193B-39EC-4D76-BD09-DBD1F1FF3426}.Release|x64.ActiveCfg = Release|Any CPU
		{E538193B-39EC-4D76-BD09-DBD1F1FF3426}.Release|x86.ActiveCfg = Release|Any CPU
		{C0710B1A-5DFB-4BE2-B6C6-F02382BC15F0}.Debug|Any CPU.ActiveCfg = Debug|Win32
		{C0710B1A-5DFB-4BE2-B6C6-F02382BC15F0}.Debug|Mixed Platforms.ActiveCfg = Debug|x64
		{C0710B1A-5DFB-4BE2-B6C6-F02382BC15F0}.Debug|Mixed Platforms.Build.0 = Debug|x64
		{C0710B1A-5DFB-4BE2-B6C6-F02382BC15F0}.Debug|Win32.ActiveCfg = Debug|x64
		{C0710B1A-5DFB-4BE2-B6C6-F02382BC15F0}.Debug|Win32.Build.0 = Debug|x64
		{C0710B1A-5DFB-4BE2-B6C6-F02382BC15F0}.Debug|x64.ActiveCfg = Debug|x64
		{C0710B1A-5DFB-4BE2-B6C6-F02382BC15F0}.Debug|x64.Build.0 = Debug|x64
		{C0710B1A-5DFB-4BE2-B6C6-F02382BC15F0}.Debug|x86.ActiveCfg = Debug|Win32
		{C0710B1A-5DFB-4BE2-B6C6-F02382BC15F0}.Release|Any CPU.ActiveCfg = Release|Win32
		{C0710B1A-5DFB-4BE2-B6C6-F02382BC15F0}.Release|Mixed Platforms.ActiveCfg = Release|x64
		{C0710B1A-5DFB-4BE2-B6C6-F02382BC15F0}.Release|Mixed Platforms.Build.0 = Release|x64
		{C0710B1A-5DFB-4BE2-B6C6-F02382BC15F0}.Release|Win32.ActiveCfg = Release|Win32
		{C0710B1A-5DFB-4BE2-B6C6-F02382BC15F0}.Release|Win32.Build.0 = Release|Win32
		{C0710B1A-5DFB-4BE2-B6C6-F02382BC15F0}.Release|x64.ActiveCfg = Release|x64
		{C0710B1A-5DFB-4BE2-B6C6-F02382BC15F0}.Release|x64.Build.0 = Release|x64
		{C0710B1A-5DFB-4BE2-B6C6-F02382BC15F0}.Release|x86.ActiveCfg = Release|Win32
	EndGlobalSection
	GlobalSection(SolutionProperties) = preSolution
		HideSolutionNode = FALSE
	EndGlobalSection
EndGlobal
