
Microsoft Visual Studio Solution File, Format Version 12.00
# Visual Studio Version 16
VisualStudioVersion = 16.0.31306.274
MinimumVisualStudioVersion = 10.0.40219.1
Project("{FAE04EC0-301F-11D3-BF4B-00C04F79EFBC}") = "Core", "Core\Core.csproj", "{6F70C76F-5A3A-4657-A073-075A08555BAD}"
EndProject
Project("{FAE04EC0-301F-11D3-BF4B-00C04F79EFBC}") = "VsChromium", "VsChromium\VsChromium.csproj", "{8ED06AA3-93DF-48FE-97C0-F516E99FDB32}"
	ProjectSection(ProjectDependencies) = postProject
		{C0710B1A-5DFB-4BE2-B6C6-F02382BC15F0} = {C0710B1A-5DFB-4BE2-B6C6-F02382BC15F0}
	EndProjectSection
EndProject
Project("{FAE04EC0-301F-11D3-BF4B-00C04F79EFBC}") = "Server", "Server\Server.csproj", "{F33514B3-E491-4599-AF71-EABCDD70234F}"
EndProject
Project("{FAE04EC0-301F-11D3-BF4B-00C04F79EFBC}") = "Host", "Host\Host.csproj", "{B6FF4670-B5B0-4724-9895-AF3C5E8C68C0}"
EndProject
Project("{FAE04EC0-301F-11D3-BF4B-00C04F79EFBC}") = "Tests", "Tests\Tests.csproj", "{E538193B-39EC-4D76-BD09-DBD1F1FF3426}"
	ProjectSection(ProjectDependencies) = postProject
		{F33514B3-E491-4599-AF71-EABCDD70234F} = {F33514B3-E491-4599-AF71-EABCDD70234F}
	EndProjectSection
EndProject
Project("{2150E333-8FDC-42A3-9474-1A3956D46DE8}") = "Solution Items", "Solution Items", "{EBEB8462-8BB7-4F5A-B11C-1A3DDD8437C9}"
	ProjectSection(SolutionItems) = preProject
		Local.testsettings = Local.testsettings
		TraceAndTestImpact.testsettings = TraceAndTestImpact.testsettings
		vs-chromium.vsmdi = vs-chromium.vsmdi
	EndProjectSection
EndProject
Project("{8BC9CEB8-8B4A-11D0-8D11-00A0C91BC942}") = "Native", "Native\Native.vcxproj", "{C0710B1A-5DFB-4BE2-B6C6-F02382BC15F0}"
	ProjectSection(ProjectDependencies) = postProject
		{B55D20C2-DF82-4487-8AAB-44EBC5D87B19} = {B55D20C2-DF82-4487-8AAB-44EBC5D87B19}
	EndProjectSection
EndProject
Project("{FAE04EC0-301F-11D3-BF4B-00C04F79EFBC}") = "ServerNativeInterop", "ServerNativeInterop\ServerNativeInterop.csproj", "{A38DC74B-820C-49A5-A732-23170D953632}"
EndProject
Project("{FAE04EC0-301F-11D3-BF4B-00C04F79EFBC}") = "DkmIntegration", "DkmIntegration\DkmIntegration.csproj", "{58572470-7222-49BE-850B-C6CE224A813A}"
EndProject
Project("{8BC9CEB8-8B4A-11D0-8D11-00A0C91BC942}") = "re2", "re2\re2.vcxproj", "{B55D20C2-DF82-4487-8AAB-44EBC5D87B19}"
EndProject
Project("{D954291E-2A0B-460D-934E-DC6B0785DB48}") = "VsChromium-Shared", "VsChromium-Shared\VsChromium-Shared.shproj", "{2713D2F8-A16A-493F-99EC-84EEDAA79196}"
EndProject
Project("{FAE04EC0-301F-11D3-BF4B-00C04F79EFBC}") = "VsChromium17", "VsChromium17\VsChromium17.csproj", "{1EAB343D-2BA1-4FD0-B34A-2B3FA0B53542}"
	ProjectSection(ProjectDependencies) = postProject
		{C0710B1A-5DFB-4BE2-B6C6-F02382BC15F0} = {C0710B1A-5DFB-4BE2-B6C6-F02382BC15F0}
	EndProjectSection
EndProject
Global
	GlobalSection(SharedMSBuildProjectFiles) = preSolution
		VsChromium-Shared\VsChromium-Shared.projitems*{1eab343d-2ba1-4fd0-b34a-2b3fa0b53542}*SharedItemsImports = 4
		VsChromium-Shared\VsChromium-Shared.projitems*{2713d2f8-a16a-493f-99ec-84eedaa79196}*SharedItemsImports = 13
		VsChromium-Shared\VsChromium-Shared.projitems*{8ed06aa3-93df-48fe-97c0-f516e99fdb32}*SharedItemsImports = 4
	EndGlobalSection
	GlobalSection(SolutionConfigurationPlatforms) = preSolution
		Debug|Any CPU = Debug|Any CPU
		Release|Any CPU = Release|Any CPU
	EndGlobalSection
	GlobalSection(ProjectConfigurationPlatforms) = postSolution
		{6F70C76F-5A3A-4657-A073-075A08555BAD}.Debug|Any CPU.ActiveCfg = Debug|Any CPU
		{6F70C76F-5A3A-4657-A073-075A08555BAD}.Debug|Any CPU.Build.0 = Debug|Any CPU
		{6F70C76F-5A3A-4657-A073-075A08555BAD}.Release|Any CPU.ActiveCfg = Release|Any CPU
		{6F70C76F-5A3A-4657-A073-075A08555BAD}.Release|Any CPU.Build.0 = Release|Any CPU
		{8ED06AA3-93DF-48FE-97C0-F516E99FDB32}.Debug|Any CPU.ActiveCfg = Debug|Any CPU
		{8ED06AA3-93DF-48FE-97C0-F516E99FDB32}.Debug|Any CPU.Build.0 = Debug|Any CPU
		{8ED06AA3-93DF-48FE-97C0-F516E99FDB32}.Release|Any CPU.ActiveCfg = Release|Any CPU
		{8ED06AA3-93DF-48FE-97C0-F516E99FDB32}.Release|Any CPU.Build.0 = Release|Any CPU
		{F33514B3-E491-4599-AF71-EABCDD70234F}.Debug|Any CPU.ActiveCfg = Debug|Any CPU
		{F33514B3-E491-4599-AF71-EABCDD70234F}.Debug|Any CPU.Build.0 = Debug|Any CPU
		{F33514B3-E491-4599-AF71-EABCDD70234F}.Release|Any CPU.ActiveCfg = Release|Any CPU
		{F33514B3-E491-4599-AF71-EABCDD70234F}.Release|Any CPU.Build.0 = Release|Any CPU
		{B6FF4670-B5B0-4724-9895-AF3C5E8C68C0}.Debug|Any CPU.ActiveCfg = Debug|Any CPU
		{B6FF4670-B5B0-4724-9895-AF3C5E8C68C0}.Debug|Any CPU.Build.0 = Debug|Any CPU
		{B6FF4670-B5B0-4724-9895-AF3C5E8C68C0}.Release|Any CPU.ActiveCfg = Release|Any CPU
		{B6FF4670-B5B0-4724-9895-AF3C5E8C68C0}.Release|Any CPU.Build.0 = Release|Any CPU
		{E538193B-39EC-4D76-BD09-DBD1F1FF3426}.Debug|Any CPU.ActiveCfg = Debug|Any CPU
		{E538193B-39EC-4D76-BD09-DBD1F1FF3426}.Debug|Any CPU.Build.0 = Debug|Any CPU
		{E538193B-39EC-4D76-BD09-DBD1F1FF3426}.Release|Any CPU.ActiveCfg = Release|Any CPU
		{E538193B-39EC-4D76-BD09-DBD1F1FF3426}.Release|Any CPU.Build.0 = Release|Any CPU
		{C0710B1A-5DFB-4BE2-B6C6-F02382BC15F0}.Debug|Any CPU.ActiveCfg = Debug|x64
		{C0710B1A-5DFB-4BE2-B6C6-F02382BC15F0}.Debug|Any CPU.Build.0 = Debug|x64
		{C0710B1A-5DFB-4BE2-B6C6-F02382BC15F0}.Release|Any CPU.ActiveCfg = Release|x64
		{C0710B1A-5DFB-4BE2-B6C6-F02382BC15F0}.Release|Any CPU.Build.0 = Release|x64
		{A38DC74B-820C-49A5-A732-23170D953632}.Debug|Any CPU.ActiveCfg = Debug|Any CPU
		{A38DC74B-820C-49A5-A732-23170D953632}.Debug|Any CPU.Build.0 = Debug|Any CPU
		{A38DC74B-820C-49A5-A732-23170D953632}.Release|Any CPU.ActiveCfg = Release|Any CPU
		{A38DC74B-820C-49A5-A732-23170D953632}.Release|Any CPU.Build.0 = Release|Any CPU
		{58572470-7222-49BE-850B-C6CE224A813A}.Debug|Any CPU.ActiveCfg = Debug|Any CPU
		{58572470-7222-49BE-850B-C6CE224A813A}.Debug|Any CPU.Build.0 = Debug|Any CPU
		{58572470-7222-49BE-850B-C6CE224A813A}.Release|Any CPU.ActiveCfg = Release|Any CPU
		{58572470-7222-49BE-850B-C6CE224A813A}.Release|Any CPU.Build.0 = Release|Any CPU
		{B55D20C2-DF82-4487-8AAB-44EBC5D87B19}.Debug|Any CPU.ActiveCfg = Debug|x64
		{B55D20C2-DF82-4487-8AAB-44EBC5D87B19}.Debug|Any CPU.Build.0 = Debug|x64
		{B55D20C2-DF82-4487-8AAB-44EBC5D87B19}.Release|Any CPU.ActiveCfg = Release|x64
		{B55D20C2-DF82-4487-8AAB-44EBC5D87B19}.Release|Any CPU.Build.0 = Release|x64
		{1EAB343D-2BA1-4FD0-B34A-2B3FA0B53542}.Debug|Any CPU.ActiveCfg = Debug|Any CPU
		{1EAB343D-2BA1-4FD0-B34A-2B3FA0B53542}.Debug|Any CPU.Build.0 = Debug|Any CPU
		{1EAB343D-2BA1-4FD0-B34A-2B3FA0B53542}.Release|Any CPU.ActiveCfg = Release|Any CPU
		{1EAB343D-2BA1-4FD0-B34A-2B3FA0B53542}.Release|Any CPU.Build.0 = Release|Any CPU
	EndGlobalSection
	GlobalSection(SolutionProperties) = preSolution
		HideSolutionNode = FALSE
	EndGlobalSection
	GlobalSection(ExtensibilityGlobals) = postSolution
		SolutionGuid = {2449B770-DC55-4345-9323-22AE96A1F791}
	EndGlobalSection
	GlobalSection(TestCaseManagementSettings) = postSolution
		CategoryFile = vs-chromium.vsmdi
	EndGlobalSection
EndGlobal
